
Microsoft Visual Studio Solution File, Format Version 12.00
# Visual Studio Version 16
VisualStudioVersion = 16.0.29709.97
MinimumVisualStudioVersion = 10.0.40219.1
Project("{FAE04EC0-301F-11D3-BF4B-00C04F79EFBC}") = "krzysztof-burkot", "krzysztof-burkot.csproj", "{4239AB5F-C79C-4FFD-AD13-86FFCB02653E}"
EndProject
Project("{FAE04EC0-301F-11D3-BF4B-00C04F79EFBC}") = "Models", "..\Models\Models.csproj", "{74415246-6002-4837-A4B4-33B94BD8B4FF}"
EndProject
Project("{FAE04EC0-301F-11D3-BF4B-00C04F79EFBC}") = "DataAccess", "..\DataAccess\DataAccess.csproj", "{52075DCE-0A8E-4962-B435-EEF2D6E26A03}"
EndProject
Global
	GlobalSection(SolutionConfigurationPlatforms) = preSolution
		Debug|Any CPU = Debug|Any CPU
		Release|Any CPU = Release|Any CPU
	EndGlobalSection
	GlobalSection(ProjectConfigurationPlatforms) = postSolution
		{4239AB5F-C79C-4FFD-AD13-86FFCB02653E}.Debug|Any CPU.ActiveCfg = Debug|Any CPU
		{4239AB5F-C79C-4FFD-AD13-86FFCB02653E}.Debug|Any CPU.Build.0 = Debug|Any CPU
		{4239AB5F-C79C-4FFD-AD13-86FFCB02653E}.Release|Any CPU.ActiveCfg = Release|Any CPU
		{4239AB5F-C79C-4FFD-AD13-86FFCB02653E}.Release|Any CPU.Build.0 = Release|Any CPU
		{74415246-6002-4837-A4B4-33B94BD8B4FF}.Debug|Any CPU.ActiveCfg = Debug|Any CPU
		{74415246-6002-4837-A4B4-33B94BD8B4FF}.Debug|Any CPU.Build.0 = Debug|Any CPU
		{74415246-6002-4837-A4B4-33B94BD8B4FF}.Release|Any CPU.ActiveCfg = Release|Any CPU
		{74415246-6002-4837-A4B4-33B94BD8B4FF}.Release|Any CPU.Build.0 = Release|Any CPU
		{52075DCE-0A8E-4962-B435-EEF2D6E26A03}.Debug|Any CPU.ActiveCfg = Debug|Any CPU
		{52075DCE-0A8E-4962-B435-EEF2D6E26A03}.Debug|Any CPU.Build.0 = Debug|Any CPU
		{52075DCE-0A8E-4962-B435-EEF2D6E26A03}.Release|Any CPU.ActiveCfg = Release|Any CPU
		{52075DCE-0A8E-4962-B435-EEF2D6E26A03}.Release|Any CPU.Build.0 = Release|Any CPU
	EndGlobalSection
	GlobalSection(SolutionProperties) = preSolution
		HideSolutionNode = FALSE
	EndGlobalSection
	GlobalSection(ExtensibilityGlobals) = postSolution
		SolutionGuid = {165AF728-3676-4742-B253-367A6815007B}
	EndGlobalSection
EndGlobal
